Microsoft Visual Studio Solution File, Format Version 12.00
# Visual Studio Version 17
VisualStudioVersion = 17.5.2.0
MinimumVisualStudioVersion = 10.0.40219.1
Project("{FAE04EC0-301F-11D3-BF4B-00C04F79EFBC}") = "poo02", "poo02\poo02.csproj", "{8335875D-F200-AC8F-90A6-4A05AFAD334A}"
EndProject
Global
	GlobalSection(SolutionConfigurationPlatforms) = preSolution
		Debug|Any CPU = Debug|Any CPU
		Release|Any CPU = Release|Any CPU
	EndGlobalSection
	GlobalSection(ProjectConfigurationPlatforms) = postSolution
		{8335875D-F200-AC8F-90A6-4A05AFAD334A}.Debug|Any CPU.ActiveCfg = Debug|Any CPU
		{8335875D-F200-AC8F-90A6-4A05AFAD334A}.Debug|Any CPU.Build.0 = Debug|Any CPU
		{8335875D-F200-AC8F-90A6-4A05AFAD334A}.Release|Any CPU.ActiveCfg = Release|Any CPU
		{8335875D-F200-AC8F-90A6-4A05AFAD334A}.Release|Any CPU.Build.0 = Release|Any CPU
	EndGlobalSection
	GlobalSection(SolutionProperties) = preSolution
		HideSolutionNode = FALSE
	EndGlobalSection
	GlobalSection(ExtensibilityGlobals) = postSolution
		SolutionGuid = {13B5F450-D045-433D-9CBA-A2A2C812ED5B}
	EndGlobalSection
EndGlobal
